
Microsoft Visual Studio Solution File, Format Version 12.00
# Visual Studio Version 17
VisualStudioVersion = 17.8.34525.116
MinimumVisualStudioVersion = 10.0.40219.1
Project("{FAE04EC0-301F-11D3-BF4B-00C04F79EFBC}") = "IBERZON Consultas", "IBERZON Consultas\IBERZON Consultas.csproj", "{5E01A0F8-81BB-4D1B-B341-AFC0467411BE}"
EndProject
Global
	GlobalSection(SolutionConfigurationPlatforms) = preSolution
		Debug|Any CPU = Debug|Any CPU
		Release|Any CPU = Release|Any CPU
	EndGlobalSection
	GlobalSection(ProjectConfigurationPlatforms) = postSolution
		{5E01A0F8-81BB-4D1B-B341-AFC0467411BE}.Debug|Any CPU.ActiveCfg = Debug|Any CPU
		{5E01A0F8-81BB-4D1B-B341-AFC0467411BE}.Debug|Any CPU.Build.0 = Debug|Any CPU
		{5E01A0F8-81BB-4D1B-B341-AFC0467411BE}.Release|Any CPU.ActiveCfg = Release|Any CPU
		{5E01A0F8-81BB-4D1B-B341-AFC0467411BE}.Release|Any CPU.Build.0 = Release|Any CPU
	EndGlobalSection
	GlobalSection(SolutionProperties) = preSolution
		HideSolutionNode = FALSE
	EndGlobalSection
	GlobalSection(ExtensibilityGlobals) = postSolution
		SolutionGuid = {36E61F82-5E5E-4BD8-AB0E-489837112F80}
	EndGlobalSection
EndGlobal
